
Microsoft Visual Studio Solution File, Format Version 12.00
# Visual Studio Version 17
VisualStudioVersion = 17.3.32825.248
MinimumVisualStudioVersion = 10.0.40219.1
Project("{FAE04EC0-301F-11D3-BF4B-00C04F79EFBC}") = "Task12.2", "Task12.2\Task12.2.csproj", "{862C16DB-5C74-4DED-A1B6-E1AA0DFFB5DC}"
EndProject
Project("{FAE04EC0-301F-11D3-BF4B-00C04F79EFBC}") = "Task12.3", "Task12.3\Task12.3.csproj", "{3555A71F-4342-4307-96DB-A6DF63952C04}"
EndProject
Global
	GlobalSection(SolutionConfigurationPlatforms) = preSolution
		Debug|Any CPU = Debug|Any CPU
		Release|Any CPU = Release|Any CPU
	EndGlobalSection
	GlobalSection(ProjectConfigurationPlatforms) = postSolution
		{862C16DB-5C74-4DED-A1B6-E1AA0DFFB5DC}.Debug|Any CPU.ActiveCfg = Debug|Any CPU
		{862C16DB-5C74-4DED-A1B6-E1AA0DFFB5DC}.Debug|Any CPU.Build.0 = Debug|Any CPU
		{862C16DB-5C74-4DED-A1B6-E1AA0DFFB5DC}.Release|Any CPU.ActiveCfg = Release|Any CPU
		{862C16DB-5C74-4DED-A1B6-E1AA0DFFB5DC}.Release|Any CPU.Build.0 = Release|Any CPU
		{3555A71F-4342-4307-96DB-A6DF63952C04}.Debug|Any CPU.ActiveCfg = Debug|Any CPU
		{3555A71F-4342-4307-96DB-A6DF63952C04}.Debug|Any CPU.Build.0 = Debug|Any CPU
		{3555A71F-4342-4307-96DB-A6DF63952C04}.Release|Any CPU.ActiveCfg = Release|Any CPU
		{3555A71F-4342-4307-96DB-A6DF63952C04}.Release|Any CPU.Build.0 = Release|Any CPU
	EndGlobalSection
	GlobalSection(SolutionProperties) = preSolution
		HideSolutionNode = FALSE
	EndGlobalSection
	GlobalSection(ExtensibilityGlobals) = postSolution
		SolutionGuid = {A2BD37DA-2662-4BD8-8162-89F01EB509C4}
	EndGlobalSection
EndGlobal
